
Microsoft Visual Studio Solution File, Format Version 12.00
# Visual Studio Version 17
VisualStudioVersion = 17.4.33110.190
MinimumVisualStudioVersion = 10.0.40219.1
Project("{FAE04EC0-301F-11D3-BF4B-00C04F79EFBC}") = "LekoShop", "LekoShop\LekoShop.csproj", "{D4E27EEF-1E6B-4F98-A059-15E6680AF9AD}"
EndProject
Global
	GlobalSection(SolutionConfigurationPlatforms) = preSolution
		Debug|Any CPU = Debug|Any CPU
		Release|Any CPU = Release|Any CPU
	EndGlobalSection
	GlobalSection(ProjectConfigurationPlatforms) = postSolution
		{D4E27EEF-1E6B-4F98-A059-15E6680AF9AD}.Debug|Any CPU.ActiveCfg = Debug|Any CPU
		{D4E27EEF-1E6B-4F98-A059-15E6680AF9AD}.Debug|Any CPU.Build.0 = Debug|Any CPU
		{D4E27EEF-1E6B-4F98-A059-15E6680AF9AD}.Release|Any CPU.ActiveCfg = Release|Any CPU
		{D4E27EEF-1E6B-4F98-A059-15E6680AF9AD}.Release|Any CPU.Build.0 = Release|Any CPU
	EndGlobalSection
	GlobalSection(SolutionProperties) = preSolution
		HideSolutionNode = FALSE
	EndGlobalSection
	GlobalSection(ExtensibilityGlobals) = postSolution
		SolutionGuid = {14E92E20-8A8D-4941-B59E-9D5559EDB76F}
	EndGlobalSection
EndGlobal
